
Microsoft Visual Studio Solution File, Format Version 12.00
# Visual Studio 14
VisualStudioVersion = 14.0.24720.0
MinimumVisualStudioVersion = 10.0.40219.1
Project("{FAE04EC0-301F-11D3-BF4B-00C04F79EFBC}") = "TorchModder", "..\..\Users\kdick\documents\visual studio 2015\Projects\TorchReader\TorchReader\TorchModder.csproj", "{79E4C7A2-9473-4B4F-847C-4124C7E5BEB3}"
EndProject
Project("{FAE04EC0-301F-11D3-BF4B-00C04F79EFBC}") = "TorchReaderUnitTester", "..\..\Users\kdick\documents\visual studio 2015\Projects\TorchReader\TorchReaderUnitTester\TorchReaderUnitTester.csproj", "{B706C52E-0A85-4DF1-82F5-916B7E141EE0}"
EndProject
Global
	GlobalSection(SolutionConfigurationPlatforms) = preSolution
		Debug|Any CPU = Debug|Any CPU
		Release|Any CPU = Release|Any CPU
	EndGlobalSection
	GlobalSection(ProjectConfigurationPlatforms) = postSolution
		{79E4C7A2-9473-4B4F-847C-4124C7E5BEB3}.Debug|Any CPU.ActiveCfg = Debug|Any CPU
		{79E4C7A2-9473-4B4F-847C-4124C7E5BEB3}.Debug|Any CPU.Build.0 = Debug|Any CPU
		{79E4C7A2-9473-4B4F-847C-4124C7E5BEB3}.Release|Any CPU.ActiveCfg = Release|Any CPU
		{79E4C7A2-9473-4B4F-847C-4124C7E5BEB3}.Release|Any CPU.Build.0 = Release|Any CPU
		{B706C52E-0A85-4DF1-82F5-916B7E141EE0}.Debug|Any CPU.ActiveCfg = Debug|Any CPU
		{B706C52E-0A85-4DF1-82F5-916B7E141EE0}.Debug|Any CPU.Build.0 = Debug|Any CPU
		{B706C52E-0A85-4DF1-82F5-916B7E141EE0}.Release|Any CPU.ActiveCfg = Release|Any CPU
		{B706C52E-0A85-4DF1-82F5-916B7E141EE0}.Release|Any CPU.Build.0 = Release|Any CPU
	EndGlobalSection
	GlobalSection(SolutionProperties) = preSolution
		HideSolutionNode = FALSE
	EndGlobalSection
EndGlobal
