
Microsoft Visual Studio Solution File, Format Version 12.00
# Visual Studio 14
VisualStudioVersion = 14.0.24720.0
MinimumVisualStudioVersion = 10.0.40219.1
Project("{FAE04EC0-301F-11D3-BF4B-00C04F79EFBC}") = "TorchModder", "TorchModder\TorchModder.csproj", "{05CC69DB-F9F3-4ABF-8A61-B393F8398D3C}"
EndProject
Project("{FAE04EC0-301F-11D3-BF4B-00C04F79EFBC}") = "TorchModderTests", "TorchModderTests\TorchModderTests.csproj", "{05085EE6-99F8-4D96-AF74-84AF6A6E05E6}"
EndProject
Global
	GlobalSection(SolutionConfigurationPlatforms) = preSolution
		Debug|Any CPU = Debug|Any CPU
		Release|Any CPU = Release|Any CPU
	EndGlobalSection
	GlobalSection(ProjectConfigurationPlatforms) = postSolution
		{05CC69DB-F9F3-4ABF-8A61-B393F8398D3C}.Debug|Any CPU.ActiveCfg = Debug|Any CPU
		{05CC69DB-F9F3-4ABF-8A61-B393F8398D3C}.Debug|Any CPU.Build.0 = Debug|Any CPU
		{05CC69DB-F9F3-4ABF-8A61-B393F8398D3C}.Release|Any CPU.ActiveCfg = Release|Any CPU
		{05CC69DB-F9F3-4ABF-8A61-B393F8398D3C}.Release|Any CPU.Build.0 = Release|Any CPU
		{05085EE6-99F8-4D96-AF74-84AF6A6E05E6}.Debug|Any CPU.ActiveCfg = Debug|Any CPU
		{05085EE6-99F8-4D96-AF74-84AF6A6E05E6}.Debug|Any CPU.Build.0 = Debug|Any CPU
		{05085EE6-99F8-4D96-AF74-84AF6A6E05E6}.Release|Any CPU.ActiveCfg = Release|Any CPU
		{05085EE6-99F8-4D96-AF74-84AF6A6E05E6}.Release|Any CPU.Build.0 = Release|Any CPU
	EndGlobalSection
	GlobalSection(SolutionProperties) = preSolution
		HideSolutionNode = FALSE
	EndGlobalSection
EndGlobal
